// !$*UTF8*$!
{
	archiveVersion = 1;
	classes = {
	};
	objectVersion = 77;
	objects = {

/* Begin PBXContainerItemProxy section */
		5A999F422CF3F218002290F1 /* PBXContainerItemProxy */ = {
			isa = PBXContainerItemProxy;
			containerPortal = 5A999F252CF3F216002290F1 /* Project object */;
			proxyType = 1;
			remoteGlobalIDString = 5A999F2C2CF3F216002290F1;
			remoteInfo = sheepy;
		};
		5A999F4C2CF3F218002290F1 /* PBXContainerItemProxy */ = {
			isa = PBXContainerItemProxy;
			containerPortal = 5A999F252CF3F216002290F1 /* Project object */;
			proxyType = 1;
			remoteGlobalIDString = 5A999F2C2CF3F216002290F1;
			remoteInfo = sheepy;
		};
/* End PBXContainerItemProxy section */

/* Begin PBXFileReference section */
		5A999F2D2CF3F216002290F1 /* sheepy.app */ = {isa = PBXFileReference; explicitFileType = wrapper.application; includeInIndex = 0; path = sheepy.app; sourceTree = BUILT_PRODUCTS_DIR; };
		5A999F412CF3F218002290F1 /* sheepyTests.xctest */ = {isa = PBXFileReference; explicitFileType = wrapper.cfbundle; includeInIndex = 0; path = sheepyTests.xctest; sourceTree = BUILT_PRODUCTS_DIR; };
		5A999F4B2CF3F218002290F1 /* sheepyUITests.xctest */ = {isa = PBXFileReference; explicitFileType = wrapper.cfbundle; includeInIndex = 0; path = sheepyUITests.xctest; sourceTree = BUILT_PRODUCTS_DIR; };
/* End PBXFileReference section */

/* Begin PBXFileSystemSynchronizedBuildFileExceptionSet section */
		5A999F532CF3F218002290F1 /* Exceptions for "sheepy" folder in "sheepy" target */ = {
			isa = PBXFileSystemSynchronizedBuildFileExceptionSet;
			membershipExceptions = (
				Info.plist,
			);
			target = 5A999F2C2CF3F216002290F1 /* sheepy */;
		};
/* End PBXFileSystemSynchronizedBuildFileExceptionSet section */

/* Begin PBXFileSystemSynchronizedRootGroup section */
		5A999F2F2CF3F216002290F1 /* sheepy */ = {
			isa = PBXFileSystemSynchronizedRootGroup;
			exceptions = (
				5A999F532CF3F218002290F1 /* Exceptions for "sheepy" folder in "sheepy" target */,
			);
			path = sheepy;
			sourceTree = "<group>";
		};
		5A999F442CF3F218002290F1 /* sheepyTests */ = {
			isa = PBXFileSystemSynchronizedRootGroup;
			path = sheepyTests;
			sourceTree = "<group>";
		};
		5A999F4E2CF3F218002290F1 /* sheepyUITests */ = {
			isa = PBXFileSystemSynchronizedRootGroup;
			path = sheepyUITests;
			sourceTree = "<group>";
		};
/* End PBXFileSystemSynchronizedRootGroup section */

/* Begin PBXFrameworksBuildPhase section */
		5A999F2A2CF3F216002290F1 /* Frameworks */ = {
			isa = PBXFrameworksBuildPhase;
			buildActionMask = 2147483647;
			files = (
			);
			runOnlyForDeploymentPostprocessing = 0;
		};
		5A999F3E2CF3F218002290F1 /* Frameworks */ = {
			isa = PBXFrameworksBuildPhase;
			buildActionMask = 2147483647;
			files = (
			);
			runOnlyForDeploymentPostprocessing = 0;
		};
		5A999F482CF3F218002290F1 /* Frameworks */ = {
			isa = PBXFrameworksBuildPhase;
			buildActionMask = 2147483647;
			files = (
			);
			runOnlyForDeploymentPostprocessing = 0;
		};
/* End PBXFrameworksBuildPhase section */

/* Begin PBXGroup section */
		5A999F242CF3F216002290F1 = {
			isa = PBXGroup;
			children = (
				5A999F2F2CF3F216002290F1 /* sheepy */,
				5A999F442CF3F218002290F1 /* sheepyTests */,
				5A999F4E2CF3F218002290F1 /* sheepyUITests */,
				5A999F2E2CF3F216002290F1 /* Products */,
			);
			sourceTree = "<group>";
		};
		5A999F2E2CF3F216002290F1 /* Products */ = {
			isa = PBXGroup;
			children = (
				5A999F2D2CF3F216002290F1 /* sheepy.app */,
				5A999F412CF3F218002290F1 /* sheepyTests.xctest */,
				5A999F4B2CF3F218002290F1 /* sheepyUITests.xctest */,
			);
			name = Products;
			sourceTree = "<group>";
		};
/* End PBXGroup section */

/* Begin PBXNativeTarget section */
		5A999F2C2CF3F216002290F1 /* sheepy */ = {
			isa = PBXNativeTarget;
			buildConfigurationList = 5A999F542CF3F218002290F1 /* Build configuration list for PBXNativeTarget "sheepy" */;
			buildPhases = (
				5A999F292CF3F216002290F1 /* Sources */,
				5A999F2A2CF3F216002290F1 /* Frameworks */,
				5A999F2B2CF3F216002290F1 /* Resources */,
			);
			buildRules = (
			);
			dependencies = (
			);
			fileSystemSynchronizedGroups = (
				5A999F2F2CF3F216002290F1 /* sheepy */,
			);
			name = sheepy;
			packageProductDependencies = (
			);
			productName = sheepy;
			productReference = 5A999F2D2CF3F216002290F1 /* sheepy.app */;
			productType = "com.apple.product-type.application";
		};
		5A999F402CF3F218002290F1 /* sheepyTests */ = {
			isa = PBXNativeTarget;
			buildConfigurationList = 5A999F592CF3F218002290F1 /* Build configuration list for PBXNativeTarget "sheepyTests" */;
			buildPhases = (
				5A999F3D2CF3F218002290F1 /* Sources */,
				5A999F3E2CF3F218002290F1 /* Frameworks */,
				5A999F3F2CF3F218002290F1 /* Resources */,
			);
			buildRules = (
			);
			dependencies = (
				5A999F432CF3F218002290F1 /* PBXTargetDependency */,
			);
			fileSystemSynchronizedGroups = (
				5A999F442CF3F218002290F1 /* sheepyTests */,
			);
			name = sheepyTests;
			packageProductDependencies = (
			);
			productName = sheepyTests;
			productReference = 5A999F412CF3F218002290F1 /* sheepyTests.xctest */;
			productType = "com.apple.product-type.bundle.unit-test";
		};
		5A999F4A2CF3F218002290F1 /* sheepyUITests */ = {
			isa = PBXNativeTarget;
			buildConfigurationList = 5A999F5C2CF3F218002290F1 /* Build configuration list for PBXNativeTarget "sheepyUITests" */;
			buildPhases = (
				5A999F472CF3F218002290F1 /* Sources */,
				5A999F482CF3F218002290F1 /* Frameworks */,
				5A999F492CF3F218002290F1 /* Resources */,
			);
			buildRules = (
			);
			dependencies = (
				5A999F4D2CF3F218002290F1 /* PBXTargetDependency */,
			);
			fileSystemSynchronizedGroups = (
				5A999F4E2CF3F218002290F1 /* sheepyUITests */,
			);
			name = sheepyUITests;
			packageProductDependencies = (
			);
			productName = sheepyUITests;
			productReference = 5A999F4B2CF3F218002290F1 /* sheepyUITests.xctest */;
			productType = "com.apple.product-type.bundle.ui-testing";
		};
/* End PBXNativeTarget section */

/* Begin PBXProject section */
		5A999F252CF3F216002290F1 /* Project object */ = {
			isa = PBXProject;
			attributes = {
				BuildIndependentTargetsInParallel = 1;
				LastSwiftUpdateCheck = 1610;
				LastUpgradeCheck = 1610;
				TargetAttributes = {
					5A999F2C2CF3F216002290F1 = {
						CreatedOnToolsVersion = 16.1;
					};
					5A999F402CF3F218002290F1 = {
						CreatedOnToolsVersion = 16.1;
						TestTargetID = 5A999F2C2CF3F216002290F1;
					};
					5A999F4A2CF3F218002290F1 = {
						CreatedOnToolsVersion = 16.1;
						TestTargetID = 5A999F2C2CF3F216002290F1;
					};
				};
			};
			buildConfigurationList = 5A999F282CF3F216002290F1 /* Build configuration list for PBXProject "sheepy" */;
			developmentRegion = en;
			hasScannedForEncodings = 0;
			knownRegions = (
				en,
				Base,
			);
			mainGroup = 5A999F242CF3F216002290F1;
			minimizedProjectReferenceProxies = 1;
			preferredProjectObjectVersion = 77;
			productRefGroup = 5A999F2E2CF3F216002290F1 /* Products */;
			projectDirPath = "";
			projectRoot = "";
			targets = (
				5A999F2C2CF3F216002290F1 /* sheepy */,
				5A999F402CF3F218002290F1 /* sheepyTests */,
				5A999F4A2CF3F218002290F1 /* sheepyUITests */,
			);
		};
/* End PBXProject section */

/* Begin PBXResourcesBuildPhase section */
		5A999F2B2CF3F216002290F1 /* Resources */ = {
			isa = PBXResourcesBuildPhase;
			buildActionMask = 2147483647;
			files = (
			);
			runOnlyForDeploymentPostprocessing = 0;
		};
		5A999F3F2CF3F218002290F1 /* Resources */ = {
			isa = PBXResourcesBuildPhase;
			buildActionMask = 2147483647;
			files = (
			);
			runOnlyForDeploymentPostprocessing = 0;
		};
		5A999F492CF3F218002290F1 /* Resources */ = {
			isa = PBXResourcesBuildPhase;
			buildActionMask = 2147483647;
			files = (
			);
			runOnlyForDeploymentPostprocessing = 0;
		};
/* End PBXResourcesBuildPhase section */

/* Begin PBXSourcesBuildPhase section */
		5A999F292CF3F216002290F1 /* Sources */ = {
			isa = PBXSourcesBuildPhase;
			buildActionMask = 2147483647;
			files = (
			);
			runOnlyForDeploymentPostprocessing = 0;
		};
		5A999F3D2CF3F218002290F1 /* Sources */ = {
			isa = PBXSourcesBuildPhase;
			buildActionMask = 2147483647;
			files = (
			);
			runOnlyForDeploymentPostprocessing = 0;
		};
		5A999F472CF3F218002290F1 /* Sources */ = {
			isa = PBXSourcesBuildPhase;
			buildActionMask = 2147483647;
			files = (
			);
			runOnlyForDeploymentPostprocessing = 0;
		};
/* End PBXSourcesBuildPhase section */

/* Begin PBXTargetDependency section */
		5A999F432CF3F218002290F1 /* PBXTargetDependency */ = {
			isa = PBXTargetDependency;
			target = 5A999F2C2CF3F216002290F1 /* sheepy */;
			targetProxy = 5A999F422CF3F218002290F1 /* PBXContainerItemProxy */;
		};
		5A999F4D2CF3F218002290F1 /* PBXTargetDependency */ = {
			isa = PBXTargetDependency;
			target = 5A999F2C2CF3F216002290F1 /* sheepy */;
			targetProxy = 5A999F4C2CF3F218002290F1 /* PBXContainerItemProxy */;
		};
/* End PBXTargetDependency section */

/* Begin XCBuildConfiguration section */
		5A999F552CF3F218002290F1 /* Debug */ = {
			isa = XCBuildConfiguration;
			buildSettings = {
				ASSETCATALOG_COMPILER_APPICON_NAME = AppIcon;
				ASSETCATALOG_COMPILER_GLOBAL_ACCENT_COLOR_NAME = AccentColor;
				CODE_SIGN_ENTITLEMENTS = sheepy/sheepy.entitlements;
				CODE_SIGN_STYLE = Automatic;
				CURRENT_PROJECT_VERSION = 1;
				DEVELOPMENT_ASSET_PATHS = "\"sheepy/Preview Content\"";
				DEVELOPMENT_TEAM = 7U9T24457T;
				ENABLE_PREVIEWS = YES;
				GENERATE_INFOPLIST_FILE = YES;
				INFOPLIST_FILE = sheepy/Info.plist;
				INFOPLIST_KEY_LSApplicationCategoryType = "public.app-category.utilities";
				INFOPLIST_KEY_UIApplicationSceneManifest_Generation = YES;
				INFOPLIST_KEY_UIApplicationSupportsIndirectInputEvents = YES;
				INFOPLIST_KEY_UISupportedInterfaceOrientations_iPad = "UIInterfaceOrientationPortrait UIInterfaceOrientationPortraitUpsideDown UIInterfaceOrientationLandscapeLeft UIInterfaceOrientationLandscapeRight";
				INFOPLIST_KEY_UISupportedInterfaceOrientations_iPhone = "UIInterfaceOrientationPortrait UIInterfaceOrientationLandscapeLeft UIInterfaceOrientationLandscapeRight";
				LD_RUNPATH_SEARCH_PATHS = (
					"$(inherited)",
					"@executable_path/Frameworks",
				);
				MARKETING_VERSION = 1.0;
				PRODUCT_BUNDLE_IDENTIFIER = Isabela.sheepy;
				PRODUCT_NAME = "$(TARGET_NAME)";
				SWIFT_EMIT_LOC_STRINGS = YES;
				SWIFT_VERSION = 5.0;
				TARGETED_DEVICE_FAMILY = "1,2";
			};
			name = Debug;
		};
		5A999F562CF3F218002290F1 /* Release */ = {
			isa = XCBuildConfiguration;
			buildSettings = {
				ASSETCATALOG_COMPILER_APPICON_NAME = AppIcon;
				ASSETCATALOG_COMPILER_GLOBAL_ACCENT_COLOR_NAME = AccentColor;
				CODE_SIGN_ENTITLEMENTS = sheepy/sheepy.entitlements;
				CODE_SIGN_STYLE = Automatic;
				CURRENT_PROJECT_VERSION = 1;
				DEVELOPMENT_ASSET_PATHS = "\"sheepy/Preview Content\"";
				DEVELOPMENT_TEAM = 7U9T24457T;
				ENABLE_PREVIEWS = YES;
				GENERATE_INFOPLIST_FILE = YES;
				INFOPLIST_FILE = sheepy/Info.plist;
				INFOPLIST_KEY_LSApplicationCategoryType = "public.app-category.utilities";
				INFOPLIST_KEY_UIApplicationSceneManifest_Generation = YES;
				INFOPLIST_KEY_UIApplicationSupportsIndirectInputEvents = YES;
				INFOPLIST_KEY_UISupportedInterfaceOrientations_iPad = "UIInterfaceOrientationPortrait UIInterfaceOrientationPortraitUpsideDown UIInterfaceOrientationLandscapeLeft UIInterfaceOrientationLandscapeRight";
				INFOPLIST_KEY_UISupportedInterfaceOrientations_iPhone = "UIInterfaceOrientationPortrait UIInterfaceOrientationLandscapeLeft UIInterfaceOrientationLandscapeRight";
				LD_RUNPATH_SEARCH_PATHS = (
					"$(inherited)",
					"@executable_path/Frameworks",
				);
				MARKETING_VERSION = 1.0;
				PRODUCT_BUNDLE_IDENTIFIER = Isabela.sheepy;
				PRODUCT_NAME = "$(TARGET_NAME)";
				SWIFT_EMIT_LOC_STRINGS = YES;
				SWIFT_VERSION = 5.0;
				TARGETED_DEVICE_FAMILY = "1,2";
			};
			name = Release;
		};
		5A999F572CF3F218002290F1 /* Debug */ = {
			isa = XCBuildConfiguration;
			buildSettings = {
				ALWAYS_SEARCH_USER_PATHS = NO;
				ASSETCATALOG_COMPILER_GENERATE_SWIFT_ASSET_SYMBOL_EXTENSIONS = YES;
				CLANG_ANALYZER_NONNULL = YES;
				CLANG_ANALYZER_NUMBER_OBJECT_CONVERSION = YES_AGGRESSIVE;
				CLANG_CXX_LANGUAGE_STANDARD = "gnu++20";
				CLANG_ENABLE_MODULES = YES;
				CLANG_ENABLE_OBJC_ARC = YES;
				CLANG_ENABLE_OBJC_WEAK = YES;
				CLANG_WARN_BLOCK_CAPTURE_AUTORELEASING = YES;
				CLANG_WARN_BOOL_CONVERSION = YES;
				CLANG_WARN_COMMA = YES;
				CLANG_WARN_CONSTANT_CONVERSION = YES;
				CLANG_WARN_DEPRECATED_OBJC_IMPLEMENTATIONS = YES;
				CLANG_WARN_DIRECT_OBJC_ISA_USAGE = YES_ERROR;
				CLANG_WARN_DOCUMENTATION_COMMENTS = YES;
				CLANG_WARN_EMPTY_BODY = YES;
				CLANG_WARN_ENUM_CONVERSION = YES;
				CLANG_WARN_INFINITE_RECURSION = YES;
				CLANG_WARN_INT_CONVERSION = YES;
				CLANG_WARN_NON_LITERAL_NULL_CONVERSION = YES;
				CLANG_WARN_OBJC_IMPLICIT_RETAIN_SELF = YES;
				CLANG_WARN_OBJC_LITERAL_CONVERSION = YES;
				CLANG_WARN_OBJC_ROOT_CLASS = YES_ERROR;
				CLANG_WARN_QUOTED_INCLUDE_IN_FRAMEWORK_HEADER = YES;
				CLANG_WARN_RANGE_LOOP_ANALYSIS = YES;
				CLANG_WARN_STRICT_PROTOTYPES = YES;
				CLANG_WARN_SUSPICIOUS_MOVE = YES;
				CLANG_WARN_UNGUARDED_AVAILABILITY = YES_AGGRESSIVE;
				CLANG_WARN_UNREACHABLE_CODE = YES;
				CLANG_WARN__DUPLICATE_METHOD_MATCH = YES;
				COPY_PHASE_STRIP = NO;
				DEBUG_INFORMATION_FORMAT = dwarf;
				ENABLE_STRICT_OBJC_MSGSEND = YES;
				ENABLE_TESTABILITY = YES;
				ENABLE_USER_SCRIPT_SANDBOXING = YES;
				GCC_C_LANGUAGE_STANDARD = gnu17;
				GCC_DYNAMIC_NO_PIC = NO;
				GCC_NO_COMMON_BLOCKS = YES;
				GCC_OPTIMIZATION_LEVEL = 0;
				GCC_PREPROCESSOR_DEFINITIONS = (
					"DEBUG=1",
					"$(inherited)",
				);
				GCC_WARN_64_TO_32_BIT_CONVERSION = YES;
				GCC_WARN_ABOUT_RETURN_TYPE = YES_ERROR;
				GCC_WARN_UNDECLARED_SELECTOR = YES;
				GCC_WARN_UNINITIALIZED_AUTOS = YES_AGGRESSIVE;
				GCC_WARN_UNUSED_FUNCTION = YES;
				GCC_WARN_UNUSED_VARIABLE = YES;
				IPHONEOS_DEPLOYMENT_TARGET = 18.1;
				LOCALIZATION_PREFERS_STRING_CATALOGS = YES;
				MTL_ENABLE_DEBUG_INFO = INCLUDE_SOURCE;
				MTL_FAST_MATH = YES;
				ONLY_ACTIVE_ARCH = YES;
				SDKROOT = iphoneos;
				SWIFT_ACTIVE_COMPILATION_CONDITIONS = "DEBUG $(inherited)";
				SWIFT_OPTIMIZATION_LEVEL = "-Onone";
			};
			name = Debug;
		};
		5A999F582CF3F218002290F1 /* Release */ = {
			isa = XCBuildConfiguration;
			buildSettings = {
				ALWAYS_SEARCH_USER_PATHS = NO;
				ASSETCATALOG_COMPILER_GENERATE_SWIFT_ASSET_SYMBOL_EXTENSIONS = YES;
				CLANG_ANALYZER_NONNULL = YES;
				CLANG_ANALYZER_NUMBER_OBJECT_CONVERSION = YES_AGGRESSIVE;
				CLANG_CXX_LANGUAGE_STANDARD = "gnu++20";
				CLANG_ENABLE_MODULES = YES;
				CLANG_ENABLE_OBJC_ARC = YES;
				CLANG_ENABLE_OBJC_WEAK = YES;
				CLANG_WARN_BLOCK_CAPTURE_AUTORELEASING = YES;
				CLANG_WARN_BOOL_CONVERSION = YES;
				CLANG_WARN_COMMA = YES;
				CLANG_WARN_CONSTANT_CONVERSION = YES;
				CLANG_WARN_DEPRECATED_OBJC_IMPLEMENTATIONS = YES;
				CLANG_WARN_DIRECT_OBJC_ISA_USAGE = YES_ERROR;
				CLANG_WARN_DOCUMENTATION_COMMENTS = YES;
				CLANG_WARN_EMPTY_BODY = YES;
				CLANG_WARN_ENUM_CONVERSION = YES;
				CLANG_WARN_INFINITE_RECURSION = YES;
				CLANG_WARN_INT_CONVERSION = YES;
				CLANG_WARN_NON_LITERAL_NULL_CONVERSION = YES;
				CLANG_WARN_OBJC_IMPLICIT_RETAIN_SELF = YES;
				CLANG_WARN_OBJC_LITERAL_CONVERSION = YES;
				CLANG_WARN_OBJC_ROOT_CLASS = YES_ERROR;
				CLANG_WARN_QUOTED_INCLUDE_IN_FRAMEWORK_HEADER = YES;
				CLANG_WARN_RANGE_LOOP_ANALYSIS = YES;
				CLANG_WARN_STRICT_PROTOTYPES = YES;
				CLANG_WARN_SUSPICIOUS_MOVE = YES;
				CLANG_WARN_UNGUARDED_AVAILABILITY = YES_AGGRESSIVE;
				CLANG_WARN_UNREACHABLE_CODE = YES;
				CLANG_WARN__DUPLICATE_METHOD_MATCH = YES;
				COPY_PHASE_STRIP = NO;
				DEBUG_INFORMATION_FORMAT = "dwarf-with-dsym";
				ENABLE_NS_ASSERTIONS = NO;
				ENABLE_STRICT_OBJC_MSGSEND = YES;
				ENABLE_USER_SCRIPT_SANDBOXING = YES;
				GCC_C_LANGUAGE_STANDARD = gnu17;
				GCC_NO_COMMON_BLOCKS = YES;
				GCC_WARN_64_TO_32_BIT_CONVERSION = YES;
				GCC_WARN_ABOUT_RETURN_TYPE = YES_ERROR;
				GCC_WARN_UNDECLARED_SELECTOR = YES;
				GCC_WARN_UNINITIALIZED_AUTOS = YES_AGGRESSIVE;
				GCC_WARN_UNUSED_FUNCTION = YES;
				GCC_WARN_UNUSED_VARIABLE = YES;
				IPHONEOS_DEPLOYMENT_TARGET = 18.1;
				LOCALIZATION_PREFERS_STRING_CATALOGS = YES;
				MTL_ENABLE_DEBUG_INFO = NO;
				MTL_FAST_MATH = YES;
				SDKROOT = iphoneos;
				SWIFT_COMPILATION_MODE = wholemodule;
				VALIDATE_PRODUCT = YES;
			};
			name = Release;
		};
		5A999F5A2CF3F218002290F1 /* Debug */ = {
			isa = XCBuildConfiguration;
			buildSettings = {
				BUNDLE_LOADER = "$(TEST_HOST)";
				CODE_SIGN_STYLE = Automatic;
				CURRENT_PROJECT_VERSION = 1;
				DEVELOPMENT_TEAM = 7U9T24457T;
				GENERATE_INFOPLIST_FILE = YES;
				IPHONEOS_DEPLOYMENT_TARGET = 18.1;
				MARKETING_VERSION = 1.0;
				PRODUCT_BUNDLE_IDENTIFIER = Isabela.sheepyTests;
				PRODUCT_NAME = "$(TARGET_NAME)";
				SWIFT_EMIT_LOC_STRINGS = NO;
				SWIFT_VERSION = 5.0;
				TARGETED_DEVICE_FAMILY = "1,2";
				TEST_HOST = "$(BUILT_PRODUCTS_DIR)/sheepy.app/$(BUNDLE_EXECUTABLE_FOLDER_PATH)/sheepy";
			};
			name = Debug;
		};
		5A999F5B2CF3F218002290F1 /* Release */ = {
			isa = XCBuildConfiguration;
			buildSettings = {
				BUNDLE_LOADER = "$(TEST_HOST)";
				CODE_SIGN_STYLE = Automatic;
				CURRENT_PROJECT_VERSION = 1;
				DEVELOPMENT_TEAM = 7U9T24457T;
				GENERATE_INFOPLIST_FILE = YES;
				IPHONEOS_DEPLOYMENT_TARGET = 18.1;
				MARKETING_VERSION = 1.0;
				PRODUCT_BUNDLE_IDENTIFIER = Isabela.sheepyTests;
				PRODUCT_NAME = "$(TARGET_NAME)";
				SWIFT_EMIT_LOC_STRINGS = NO;
				SWIFT_VERSION = 5.0;
				TARGETED_DEVICE_FAMILY = "1,2";
				TEST_HOST = "$(BUILT_PRODUCTS_DIR)/sheepy.app/$(BUNDLE_EXECUTABLE_FOLDER_PATH)/sheepy";
			};
			name = Release;
		};
		5A999F5D2CF3F218002290F1 /* Debug */ = {
			isa = XCBuildConfiguration;
			buildSettings = {
				CODE_SIGN_STYLE = Automatic;
				CURRENT_PROJECT_VERSION = 1;
				DEVELOPMENT_TEAM = 7U9T24457T;
				GENERATE_INFOPLIST_FILE = YES;
				MARKETING_VERSION = 1.0;
				PRODUCT_BUNDLE_IDENTIFIER = Isabela.sheepyUITests;
				PRODUCT_NAME = "$(TARGET_NAME)";
				SWIFT_EMIT_LOC_STRINGS = NO;
				SWIFT_VERSION = 5.0;
				TARGETED_DEVICE_FAMILY = "1,2";
				TEST_TARGET_NAME = sheepy;
			};
			name = Debug;
		};
		5A999F5E2CF3F218002290F1 /* Release */ = {
			isa = XCBuildConfiguration;
			buildSettings = {
				CODE_SIGN_STYLE = Automatic;
				CURRENT_PROJECT_VERSION = 1;
				DEVELOPMENT_TEAM = 7U9T24457T;
				GENERATE_INFOPLIST_FILE = YES;
				MARKETING_VERSION = 1.0;
				PRODUCT_BUNDLE_IDENTIFIER = Isabela.sheepyUITests;
				PRODUCT_NAME = "$(TARGET_NAME)";
				SWIFT_EMIT_LOC_STRINGS = NO;
				SWIFT_VERSION = 5.0;
				TARGETED_DEVICE_FAMILY = "1,2";
				TEST_TARGET_NAME = sheepy;
			};
			name = Release;
		};
/* End XCBuildConfiguration section */

/* Begin XCConfigurationList section */
		5A999F282CF3F216002290F1 /* Build configuration list for PBXProject "sheepy" */ = {
			isa = XCConfigurationList;
			buildConfigurations = (
				5A999F572CF3F218002290F1 /* Debug */,
				5A999F582CF3F218002290F1 /* Release */,
			);
			defaultConfigurationIsVisible = 0;
			defaultConfigurationName = Release;
		};
		5A999F542CF3F218002290F1 /* Build configuration list for PBXNativeTarget "sheepy" */ = {
			isa = XCConfigurationList;
			buildConfigurations = (
				5A999F552CF3F218002290F1 /* Debug */,
				5A999F562CF3F218002290F1 /* Release */,
			);
			defaultConfigurationIsVisible = 0;
			defaultConfigurationName = Release;
		};
		5A999F592CF3F218002290F1 /* Build configuration list for PBXNativeTarget "sheepyTests" */ = {
			isa = XCConfigurationList;
			buildConfigurations = (
				5A999F5A2CF3F218002290F1 /* Debug */,
				5A999F5B2CF3F218002290F1 /* Release */,
			);
			defaultConfigurationIsVisible = 0;
			defaultConfigurationName = Release;
		};
		5A999F5C2CF3F218002290F1 /* Build configuration list for PBXNativeTarget "sheepyUITests" */ = {
			isa = XCConfigurationList;
			buildConfigurations = (
				5A999F5D2CF3F218002290F1 /* Debug */,
				5A999F5E2CF3F218002290F1 /* Release */,
			);
			defaultConfigurationIsVisible = 0;
			defaultConfigurationName = Release;
		};
/* End XCConfigurationList section */
	};
	rootObject = 5A999F252CF3F216002290F1 /* Project object */;
}
